dependencies:
  uuid: 7.0.3
devDependencies:
  serverless-iam-roles-per-function: 2.0.2
lockfileVersion: 5.1
packages:
  /lodash/4.17.15:
    dev: true
    resolution:
      integrity: sha512-8xOcRHvCjnocdS5cpwXQXVzmmh5e5+saE2QGoeQmbKmRS6J3VQppPOIt0MnmE+4xlZoumy0GPG0D0MVIQbNA1A==
  /serverless-iam-roles-per-function/2.0.2:
    dependencies:
      lodash: 4.17.15
    dev: true
    engines:
      node: '>=6.10.0'
    resolution:
      integrity: sha512-3zv4Af3x7KJHC4fuJMHniEEstCljMghReaYIg94Spdsqkhiy8GJ3yfJ5Jy+wiG/DvyObK91JJNMjLhDnDc+vCQ==
  /uuid/7.0.3:
    dev: false
    hasBin: true
    resolution:
      integrity: sha512-DPSke0pXhTZgoF/d+WSt2QaKMCFSfx7QegxEWT+JOuHF5aWrKEn0G+ztjuJg/gG8/ItK+rbPCD/yNv8yyih6Cg==
specifiers:
  serverless-iam-roles-per-function: ^2.0.2
  uuid: ^7.0.3
